hash: 8c92710d5b808d67c5c4d58e0e02bab9532106f510bbc954286981747c333f97
updated: 2016-03-09T18:27:00.848874329-08:00
imports:
- name: github.com/codegangsta/cli
  version: aca5b047ed14d17224157c3434ea93bf6cdaadee
- name: github.com/eladg/google-api-go-client
  version: ada7ae81fde42bd5335f1c0da07238b0b0fba9d4
  subpackages:
  - translate/v2
- name: github.com/joho/godotenv
  version: 4ed13390c0acd2ff4e371e64d8b97c8954138243
- name: golang.org/x/net
  version: 3e5cd1ed149001198e582f9d3f5bfd564cde2896
  subpackages:
  - context
- name: golang.org/x/oauth2
  version: 045497edb6234273d67dbc25da3f2ddbc4c4cacf
  subpackages:
  - google
devImports: []
